
Microsoft Visual Studio Solution File, Format Version 12.00
# Visual Studio Version 16
VisualStudioVersion = 16.0.30011.22
MinimumVisualStudioVersion = 10.0.40219.1
Project("{FAE04EC0-301F-11D3-BF4B-00C04F79EFBC}") = "BasicAttribute", "BasicAttribute.csproj", "{392471D5-2FF6-4A9B-B8B3-FD574D194210}"
EndProject
Global
	GlobalSection(SolutionConfigurationPlatforms) = preSolution
		Debug|Any CPU = Debug|Any CPU
		Release|Any CPU = Release|Any CPU
	EndGlobalSection
	GlobalSection(ProjectConfigurationPlatforms) = postSolution
		{392471D5-2FF6-4A9B-B8B3-FD574D194210}.Debug|Any CPU.ActiveCfg = Debug|Any CPU
		{392471D5-2FF6-4A9B-B8B3-FD574D194210}.Debug|Any CPU.Build.0 = Debug|Any CPU
		{392471D5-2FF6-4A9B-B8B3-FD574D194210}.Release|Any CPU.ActiveCfg = Release|Any CPU
		{392471D5-2FF6-4A9B-B8B3-FD574D194210}.Release|Any CPU.Build.0 = Release|Any CPU
	EndGlobalSection
	GlobalSection(SolutionProperties) = preSolution
		HideSolutionNode = FALSE
	EndGlobalSection
	GlobalSection(ExtensibilityGlobals) = postSolution
		SolutionGuid = {135FC007-1144-45DA-A4F8-A169CBFE9018}
	EndGlobalSection
EndGlobal
