
Microsoft Visual Studio Solution File, Format Version 12.00
# Visual Studio Version 16
VisualStudioVersion = 16.0.30011.22
MinimumVisualStudioVersion = 10.0.40219.1
Project("{FAE04EC0-301F-11D3-BF4B-00C04F79EFBC}") = "InitializingArray", "InitializingArray.csproj", "{CF58D95B-7F18-4A7E-9E97-F0815C573FBA}"
EndProject
Global
	GlobalSection(SolutionConfigurationPlatforms) = preSolution
		Debug|Any CPU = Debug|Any CPU
		Release|Any CPU = Release|Any CPU
	EndGlobalSection
	GlobalSection(ProjectConfigurationPlatforms) = postSolution
		{CF58D95B-7F18-4A7E-9E97-F0815C573FBA}.Debug|Any CPU.ActiveCfg = Debug|Any CPU
		{CF58D95B-7F18-4A7E-9E97-F0815C573FBA}.Debug|Any CPU.Build.0 = Debug|Any CPU
		{CF58D95B-7F18-4A7E-9E97-F0815C573FBA}.Release|Any CPU.ActiveCfg = Release|Any CPU
		{CF58D95B-7F18-4A7E-9E97-F0815C573FBA}.Release|Any CPU.Build.0 = Release|Any CPU
	EndGlobalSection
	GlobalSection(SolutionProperties) = preSolution
		HideSolutionNode = FALSE
	EndGlobalSection
	GlobalSection(ExtensibilityGlobals) = postSolution
		SolutionGuid = {B67176FC-4C1A-4272-80D8-55DD16105D00}
	EndGlobalSection
EndGlobal
