
Microsoft Visual Studio Solution File, Format Version 12.00
# Visual Studio Version 16
VisualStudioVersion = 16.0.29926.136
MinimumVisualStudioVersion = 10.0.40219.1
Project("{FAE04EC0-301F-11D3-BF4B-00C04F79EFBC}") = "StringFormatBasic", "StringFormatBasic.csproj", "{86AFD4FA-CD6B-4734-89E2-AA7A6568C33C}"
EndProject
Global
	GlobalSection(SolutionConfigurationPlatforms) = preSolution
		Debug|Any CPU = Debug|Any CPU
		Release|Any CPU = Release|Any CPU
	EndGlobalSection
	GlobalSection(ProjectConfigurationPlatforms) = postSolution
		{86AFD4FA-CD6B-4734-89E2-AA7A6568C33C}.Debug|Any CPU.ActiveCfg = Debug|Any CPU
		{86AFD4FA-CD6B-4734-89E2-AA7A6568C33C}.Debug|Any CPU.Build.0 = Debug|Any CPU
		{86AFD4FA-CD6B-4734-89E2-AA7A6568C33C}.Release|Any CPU.ActiveCfg = Release|Any CPU
		{86AFD4FA-CD6B-4734-89E2-AA7A6568C33C}.Release|Any CPU.Build.0 = Release|Any CPU
	EndGlobalSection
	GlobalSection(SolutionProperties) = preSolution
		HideSolutionNode = FALSE
	EndGlobalSection
	GlobalSection(ExtensibilityGlobals) = postSolution
		SolutionGuid = {C5E6B43D-20CD-4000-ACDE-050D7089CC6C}
	EndGlobalSection
EndGlobal
