
Microsoft Visual Studio Solution File, Format Version 12.00
# Visual Studio Version 16
VisualStudioVersion = 16.0.30011.22
MinimumVisualStudioVersion = 10.0.40219.1
Project("{FAE04EC0-301F-11D3-BF4B-00C04F79EFBC}") = "AbortingThread", "AbortingThread.csproj", "{9791E8BC-9EDB-446D-BCE5-48A9E397998D}"
EndProject
Global
	GlobalSection(SolutionConfigurationPlatforms) = preSolution
		Debug|Any CPU = Debug|Any CPU
		Release|Any CPU = Release|Any CPU
	EndGlobalSection
	GlobalSection(ProjectConfigurationPlatforms) = postSolution
		{9791E8BC-9EDB-446D-BCE5-48A9E397998D}.Debug|Any CPU.ActiveCfg = Debug|Any CPU
		{9791E8BC-9EDB-446D-BCE5-48A9E397998D}.Debug|Any CPU.Build.0 = Debug|Any CPU
		{9791E8BC-9EDB-446D-BCE5-48A9E397998D}.Release|Any CPU.ActiveCfg = Release|Any CPU
		{9791E8BC-9EDB-446D-BCE5-48A9E397998D}.Release|Any CPU.Build.0 = Release|Any CPU
	EndGlobalSection
	GlobalSection(SolutionProperties) = preSolution
		HideSolutionNode = FALSE
	EndGlobalSection
	GlobalSection(ExtensibilityGlobals) = postSolution
		SolutionGuid = {652CAF43-0FF7-47CE-B3D0-389AD5820839}
	EndGlobalSection
EndGlobal
