
Microsoft Visual Studio Solution File, Format Version 12.00
# Visual Studio Version 16
VisualStudioVersion = 16.0.30011.22
MinimumVisualStudioVersion = 10.0.40219.1
Project("{FAE04EC0-301F-11D3-BF4B-00C04F79EFBC}") = "Chapter13Exercise", "Chapter13Exercise.csproj", "{7B97848E-AC18-4023-A3AE-C70F8B3E138F}"
EndProject
Global
	GlobalSection(SolutionConfigurationPlatforms) = preSolution
		Debug|Any CPU = Debug|Any CPU
		Release|Any CPU = Release|Any CPU
	EndGlobalSection
	GlobalSection(ProjectConfigurationPlatforms) = postSolution
		{7B97848E-AC18-4023-A3AE-C70F8B3E138F}.Debug|Any CPU.ActiveCfg = Debug|Any CPU
		{7B97848E-AC18-4023-A3AE-C70F8B3E138F}.Debug|Any CPU.Build.0 = Debug|Any CPU
		{7B97848E-AC18-4023-A3AE-C70F8B3E138F}.Release|Any CPU.ActiveCfg = Release|Any CPU
		{7B97848E-AC18-4023-A3AE-C70F8B3E138F}.Release|Any CPU.Build.0 = Release|Any CPU
	EndGlobalSection
	GlobalSection(SolutionProperties) = preSolution
		HideSolutionNode = FALSE
	EndGlobalSection
	GlobalSection(ExtensibilityGlobals) = postSolution
		SolutionGuid = {B52A527A-3B16-4C3E-BABA-50294D7A3AA5}
	EndGlobalSection
EndGlobal
