
Microsoft Visual Studio Solution File, Format Version 12.00
# Visual Studio Version 16
VisualStudioVersion = 16.0.30002.166
MinimumVisualStudioVersion = 10.0.40219.1
Project("{FAE04EC0-301F-11D3-BF4B-00C04F79EFBC}") = "StaticField", "StaticField.csproj", "{C1ED5C75-E113-441F-9B31-CBD695987228}"
EndProject
Global
	GlobalSection(SolutionConfigurationPlatforms) = preSolution
		Debug|Any CPU = Debug|Any CPU
		Release|Any CPU = Release|Any CPU
	EndGlobalSection
	GlobalSection(ProjectConfigurationPlatforms) = postSolution
		{C1ED5C75-E113-441F-9B31-CBD695987228}.Debug|Any CPU.ActiveCfg = Debug|Any CPU
		{C1ED5C75-E113-441F-9B31-CBD695987228}.Debug|Any CPU.Build.0 = Debug|Any CPU
		{C1ED5C75-E113-441F-9B31-CBD695987228}.Release|Any CPU.ActiveCfg = Release|Any CPU
		{C1ED5C75-E113-441F-9B31-CBD695987228}.Release|Any CPU.Build.0 = Release|Any CPU
	EndGlobalSection
	GlobalSection(SolutionProperties) = preSolution
		HideSolutionNode = FALSE
	EndGlobalSection
	GlobalSection(ExtensibilityGlobals) = postSolution
		SolutionGuid = {E39C6E40-9B0F-4762-8222-93B3D8D838B1}
	EndGlobalSection
EndGlobal
