
Microsoft Visual Studio Solution File, Format Version 12.00
# Visual Studio Version 16
VisualStudioVersion = 16.0.30011.22
MinimumVisualStudioVersion = 10.0.40219.1
Project("{FAE04EC0-301F-11D3-BF4B-00C04F79EFBC}") = "ActionTest", "ActionTest.csproj", "{A9993541-6769-461E-A44F-D1F5F20418AC}"
EndProject
Global
	GlobalSection(SolutionConfigurationPlatforms) = preSolution
		Debug|Any CPU = Debug|Any CPU
		Release|Any CPU = Release|Any CPU
	EndGlobalSection
	GlobalSection(ProjectConfigurationPlatforms) = postSolution
		{A9993541-6769-461E-A44F-D1F5F20418AC}.Debug|Any CPU.ActiveCfg = Debug|Any CPU
		{A9993541-6769-461E-A44F-D1F5F20418AC}.Debug|Any CPU.Build.0 = Debug|Any CPU
		{A9993541-6769-461E-A44F-D1F5F20418AC}.Release|Any CPU.ActiveCfg = Release|Any CPU
		{A9993541-6769-461E-A44F-D1F5F20418AC}.Release|Any CPU.Build.0 = Release|Any CPU
	EndGlobalSection
	GlobalSection(SolutionProperties) = preSolution
		HideSolutionNode = FALSE
	EndGlobalSection
	GlobalSection(ExtensibilityGlobals) = postSolution
		SolutionGuid = {BDDA9CE5-5043-4A7E-B162-86CFFA3185CC}
	EndGlobalSection
EndGlobal
