
Microsoft Visual Studio Solution File, Format Version 12.00
# Visual Studio Version 16
VisualStudioVersion = 16.0.30011.22
MinimumVisualStudioVersion = 10.0.40219.1
Project("{FAE04EC0-301F-11D3-BF4B-00C04F79EFBC}") = "Join", "Join.csproj", "{921566C2-5207-4128-B9A1-B932118AD770}"
EndProject
Global
	GlobalSection(SolutionConfigurationPlatforms) = preSolution
		Debug|Any CPU = Debug|Any CPU
		Release|Any CPU = Release|Any CPU
	EndGlobalSection
	GlobalSection(ProjectConfigurationPlatforms) = postSolution
		{921566C2-5207-4128-B9A1-B932118AD770}.Debug|Any CPU.ActiveCfg = Debug|Any CPU
		{921566C2-5207-4128-B9A1-B932118AD770}.Debug|Any CPU.Build.0 = Debug|Any CPU
		{921566C2-5207-4128-B9A1-B932118AD770}.Release|Any CPU.ActiveCfg = Release|Any CPU
		{921566C2-5207-4128-B9A1-B932118AD770}.Release|Any CPU.Build.0 = Release|Any CPU
	EndGlobalSection
	GlobalSection(SolutionProperties) = preSolution
		HideSolutionNode = FALSE
	EndGlobalSection
	GlobalSection(ExtensibilityGlobals) = postSolution
		SolutionGuid = {E4549BD9-AD4E-422D-8F0A-634FAB8E239E}
	EndGlobalSection
EndGlobal
