
Microsoft Visual Studio Solution File, Format Version 12.00
# Visual Studio Version 16
VisualStudioVersion = 16.0.30011.22
MinimumVisualStudioVersion = 10.0.40219.1
Project("{FAE04EC0-301F-11D3-BF4B-00C04F79EFBC}") = "Yield", "Yield.csproj", "{51D3C393-B773-4F1A-90CE-ABB028CFFF33}"
EndProject
Global
	GlobalSection(SolutionConfigurationPlatforms) = preSolution
		Debug|Any CPU = Debug|Any CPU
		Release|Any CPU = Release|Any CPU
	EndGlobalSection
	GlobalSection(ProjectConfigurationPlatforms) = postSolution
		{51D3C393-B773-4F1A-90CE-ABB028CFFF33}.Debug|Any CPU.ActiveCfg = Debug|Any CPU
		{51D3C393-B773-4F1A-90CE-ABB028CFFF33}.Debug|Any CPU.Build.0 = Debug|Any CPU
		{51D3C393-B773-4F1A-90CE-ABB028CFFF33}.Release|Any CPU.ActiveCfg = Release|Any CPU
		{51D3C393-B773-4F1A-90CE-ABB028CFFF33}.Release|Any CPU.Build.0 = Release|Any CPU
	EndGlobalSection
	GlobalSection(SolutionProperties) = preSolution
		HideSolutionNode = FALSE
	EndGlobalSection
	GlobalSection(ExtensibilityGlobals) = postSolution
		SolutionGuid = {20AF674F-D35F-49CA-BDCC-1775A6DE98D0}
	EndGlobalSection
EndGlobal
