
Microsoft Visual Studio Solution File, Format Version 12.00
# Visual Studio Version 16
VisualStudioVersion = 16.0.30011.22
MinimumVisualStudioVersion = 10.0.40219.1
Project("{FAE04EC0-301F-11D3-BF4B-00C04F79EFBC}") = "Chapter12Exercise", "Chapter12Exercise.csproj", "{7639AAC1-9ED0-46C0-B0AF-12B1CE8FB3ED}"
EndProject
Global
	GlobalSection(SolutionConfigurationPlatforms) = preSolution
		Debug|Any CPU = Debug|Any CPU
		Release|Any CPU = Release|Any CPU
	EndGlobalSection
	GlobalSection(ProjectConfigurationPlatforms) = postSolution
		{7639AAC1-9ED0-46C0-B0AF-12B1CE8FB3ED}.Debug|Any CPU.ActiveCfg = Debug|Any CPU
		{7639AAC1-9ED0-46C0-B0AF-12B1CE8FB3ED}.Debug|Any CPU.Build.0 = Debug|Any CPU
		{7639AAC1-9ED0-46C0-B0AF-12B1CE8FB3ED}.Release|Any CPU.ActiveCfg = Release|Any CPU
		{7639AAC1-9ED0-46C0-B0AF-12B1CE8FB3ED}.Release|Any CPU.Build.0 = Release|Any CPU
	EndGlobalSection
	GlobalSection(SolutionProperties) = preSolution
		HideSolutionNode = FALSE
	EndGlobalSection
	GlobalSection(ExtensibilityGlobals) = postSolution
		SolutionGuid = {23CD0B85-7419-47A7-A856-A35458894B54}
	EndGlobalSection
EndGlobal
