
Microsoft Visual Studio Solution File, Format Version 12.00
# Visual Studio Version 16
VisualStudioVersion = 16.0.30011.22
MinimumVisualStudioVersion = 10.0.40219.1
Project("{FAE04EC0-301F-11D3-BF4B-00C04F79EFBC}") = "Chapter10Exercise", "Chapter10Exercise.csproj", "{ED645FFF-7E04-4C83-943C-2500EFFDC7A7}"
EndProject
Global
	GlobalSection(SolutionConfigurationPlatforms) = preSolution
		Debug|Any CPU = Debug|Any CPU
		Release|Any CPU = Release|Any CPU
	EndGlobalSection
	GlobalSection(ProjectConfigurationPlatforms) = postSolution
		{ED645FFF-7E04-4C83-943C-2500EFFDC7A7}.Debug|Any CPU.ActiveCfg = Debug|Any CPU
		{ED645FFF-7E04-4C83-943C-2500EFFDC7A7}.Debug|Any CPU.Build.0 = Debug|Any CPU
		{ED645FFF-7E04-4C83-943C-2500EFFDC7A7}.Release|Any CPU.ActiveCfg = Release|Any CPU
		{ED645FFF-7E04-4C83-943C-2500EFFDC7A7}.Release|Any CPU.Build.0 = Release|Any CPU
	EndGlobalSection
	GlobalSection(SolutionProperties) = preSolution
		HideSolutionNode = FALSE
	EndGlobalSection
	GlobalSection(ExtensibilityGlobals) = postSolution
		SolutionGuid = {5E270565-3502-4C11-A543-CC6E76838C36}
	EndGlobalSection
EndGlobal
