
Microsoft Visual Studio Solution File, Format Version 12.00
# Visual Studio Version 16
VisualStudioVersion = 16.0.29926.136
MinimumVisualStudioVersion = 10.0.40219.1
Project("{FAE04EC0-301F-11D3-BF4B-00C04F79EFBC}") = "Return", "Return.csproj", "{024D1B71-8C3F-49E7-B387-0C6680FF83A8}"
EndProject
Global
	GlobalSection(SolutionConfigurationPlatforms) = preSolution
		Debug|Any CPU = Debug|Any CPU
		Release|Any CPU = Release|Any CPU
	EndGlobalSection
	GlobalSection(ProjectConfigurationPlatforms) = postSolution
		{024D1B71-8C3F-49E7-B387-0C6680FF83A8}.Debug|Any CPU.ActiveCfg = Debug|Any CPU
		{024D1B71-8C3F-49E7-B387-0C6680FF83A8}.Debug|Any CPU.Build.0 = Debug|Any CPU
		{024D1B71-8C3F-49E7-B387-0C6680FF83A8}.Release|Any CPU.ActiveCfg = Release|Any CPU
		{024D1B71-8C3F-49E7-B387-0C6680FF83A8}.Release|Any CPU.Build.0 = Release|Any CPU
	EndGlobalSection
	GlobalSection(SolutionProperties) = preSolution
		HideSolutionNode = FALSE
	EndGlobalSection
	GlobalSection(ExtensibilityGlobals) = postSolution
		SolutionGuid = {55CA7C27-2A52-4B09-A2F9-EB7E389D5DC5}
	EndGlobalSection
EndGlobal
