
Microsoft Visual Studio Solution File, Format Version 12.00
# Visual Studio Version 16
VisualStudioVersion = 16.0.29926.136
MinimumVisualStudioVersion = 10.0.40219.1
Project("{FAE04EC0-301F-11D3-BF4B-00C04F79EFBC}") = "ForEach", "ForEach.csproj", "{EA41C140-BBAD-4E4A-B79E-AFFA9E0B2309}"
EndProject
Global
	GlobalSection(SolutionConfigurationPlatforms) = preSolution
		Debug|Any CPU = Debug|Any CPU
		Release|Any CPU = Release|Any CPU
	EndGlobalSection
	GlobalSection(ProjectConfigurationPlatforms) = postSolution
		{EA41C140-BBAD-4E4A-B79E-AFFA9E0B2309}.Debug|Any CPU.ActiveCfg = Debug|Any CPU
		{EA41C140-BBAD-4E4A-B79E-AFFA9E0B2309}.Debug|Any CPU.Build.0 = Debug|Any CPU
		{EA41C140-BBAD-4E4A-B79E-AFFA9E0B2309}.Release|Any CPU.ActiveCfg = Release|Any CPU
		{EA41C140-BBAD-4E4A-B79E-AFFA9E0B2309}.Release|Any CPU.Build.0 = Release|Any CPU
	EndGlobalSection
	GlobalSection(SolutionProperties) = preSolution
		HideSolutionNode = FALSE
	EndGlobalSection
	GlobalSection(ExtensibilityGlobals) = postSolution
		SolutionGuid = {6B440D7E-69FF-4C9B-9931-5F5A1F84A05D}
	EndGlobalSection
EndGlobal
