
Microsoft Visual Studio Solution File, Format Version 12.00
# Visual Studio Version 16
VisualStudioVersion = 16.0.30011.22
MinimumVisualStudioVersion = 10.0.40219.1
Project("{FAE04EC0-301F-11D3-BF4B-00C04F79EFBC}") = "SimpleLinq2", "SimpleLinq2.csproj", "{38DCCACA-E258-4236-8175-E5422485DB86}"
EndProject
Global
	GlobalSection(SolutionConfigurationPlatforms) = preSolution
		Debug|Any CPU = Debug|Any CPU
		Release|Any CPU = Release|Any CPU
	EndGlobalSection
	GlobalSection(ProjectConfigurationPlatforms) = postSolution
		{38DCCACA-E258-4236-8175-E5422485DB86}.Debug|Any CPU.ActiveCfg = Debug|Any CPU
		{38DCCACA-E258-4236-8175-E5422485DB86}.Debug|Any CPU.Build.0 = Debug|Any CPU
		{38DCCACA-E258-4236-8175-E5422485DB86}.Release|Any CPU.ActiveCfg = Release|Any CPU
		{38DCCACA-E258-4236-8175-E5422485DB86}.Release|Any CPU.Build.0 = Release|Any CPU
	EndGlobalSection
	GlobalSection(SolutionProperties) = preSolution
		HideSolutionNode = FALSE
	EndGlobalSection
	GlobalSection(ExtensibilityGlobals) = postSolution
		SolutionGuid = {EB2C9CD6-A38F-4BA0-9B32-AFD9BE0B7D96}
	EndGlobalSection
EndGlobal
