
Microsoft Visual Studio Solution File, Format Version 12.00
# Visual Studio Version 16
VisualStudioVersion = 16.0.30011.22
MinimumVisualStudioVersion = 10.0.40219.1
Project("{FAE04EC0-301F-11D3-BF4B-00C04F79EFBC}") = "IntegerLiterals", "IntegerLiterals.csproj", "{4F4554FC-1375-448B-91F0-A2A6CDA03E2B}"
EndProject
Global
	GlobalSection(SolutionConfigurationPlatforms) = preSolution
		Debug|Any CPU = Debug|Any CPU
		Release|Any CPU = Release|Any CPU
	EndGlobalSection
	GlobalSection(ProjectConfigurationPlatforms) = postSolution
		{4F4554FC-1375-448B-91F0-A2A6CDA03E2B}.Debug|Any CPU.ActiveCfg = Debug|Any CPU
		{4F4554FC-1375-448B-91F0-A2A6CDA03E2B}.Debug|Any CPU.Build.0 = Debug|Any CPU
		{4F4554FC-1375-448B-91F0-A2A6CDA03E2B}.Release|Any CPU.ActiveCfg = Release|Any CPU
		{4F4554FC-1375-448B-91F0-A2A6CDA03E2B}.Release|Any CPU.Build.0 = Release|Any CPU
	EndGlobalSection
	GlobalSection(SolutionProperties) = preSolution
		HideSolutionNode = FALSE
	EndGlobalSection
	GlobalSection(ExtensibilityGlobals) = postSolution
		SolutionGuid = {EA787BAD-1D46-4E5B-A505-781F32D8A298}
	EndGlobalSection
EndGlobal
