
Microsoft Visual Studio Solution File, Format Version 12.00
# Visual Studio Version 16
VisualStudioVersion = 16.0.30002.166
MinimumVisualStudioVersion = 10.0.40219.1
Project("{FAE04EC0-301F-11D3-BF4B-00C04F79EFBC}") = "Overloading", "Overloading.csproj", "{79C8A6ED-E337-42C8-8C6B-0311D51884AE}"
EndProject
Global
	GlobalSection(SolutionConfigurationPlatforms) = preSolution
		Debug|Any CPU = Debug|Any CPU
		Release|Any CPU = Release|Any CPU
	EndGlobalSection
	GlobalSection(ProjectConfigurationPlatforms) = postSolution
		{79C8A6ED-E337-42C8-8C6B-0311D51884AE}.Debug|Any CPU.ActiveCfg = Debug|Any CPU
		{79C8A6ED-E337-42C8-8C6B-0311D51884AE}.Debug|Any CPU.Build.0 = Debug|Any CPU
		{79C8A6ED-E337-42C8-8C6B-0311D51884AE}.Release|Any CPU.ActiveCfg = Release|Any CPU
		{79C8A6ED-E337-42C8-8C6B-0311D51884AE}.Release|Any CPU.Build.0 = Release|Any CPU
	EndGlobalSection
	GlobalSection(SolutionProperties) = preSolution
		HideSolutionNode = FALSE
	EndGlobalSection
	GlobalSection(ExtensibilityGlobals) = postSolution
		SolutionGuid = {AD164D87-E5A8-42AA-9983-7549CBF4EF34}
	EndGlobalSection
EndGlobal
