
Microsoft Visual Studio Solution File, Format Version 12.00
# Visual Studio Version 16
VisualStudioVersion = 16.0.30011.22
MinimumVisualStudioVersion = 10.0.40219.1
Project("{FAE04EC0-301F-11D3-BF4B-00C04F79EFBC}") = "Enumerable", "Enumerable.csproj", "{CF7E6A86-0586-4D59-9D8F-CA02F5A3F4F9}"
EndProject
Global
	GlobalSection(SolutionConfigurationPlatforms) = preSolution
		Debug|Any CPU = Debug|Any CPU
		Release|Any CPU = Release|Any CPU
	EndGlobalSection
	GlobalSection(ProjectConfigurationPlatforms) = postSolution
		{CF7E6A86-0586-4D59-9D8F-CA02F5A3F4F9}.Debug|Any CPU.ActiveCfg = Debug|Any CPU
		{CF7E6A86-0586-4D59-9D8F-CA02F5A3F4F9}.Debug|Any CPU.Build.0 = Debug|Any CPU
		{CF7E6A86-0586-4D59-9D8F-CA02F5A3F4F9}.Release|Any CPU.ActiveCfg = Release|Any CPU
		{CF7E6A86-0586-4D59-9D8F-CA02F5A3F4F9}.Release|Any CPU.Build.0 = Release|Any CPU
	EndGlobalSection
	GlobalSection(SolutionProperties) = preSolution
		HideSolutionNode = FALSE
	EndGlobalSection
	GlobalSection(ExtensibilityGlobals) = postSolution
		SolutionGuid = {CB914FF2-BD82-429A-BCAC-27ECD7F96FB9}
	EndGlobalSection
EndGlobal
