
Microsoft Visual Studio Solution File, Format Version 12.00
# Visual Studio Version 16
VisualStudioVersion = 16.0.30011.22
MinimumVisualStudioVersion = 10.0.40219.1
Project("{FAE04EC0-301F-11D3-BF4B-00C04F79EFBC}") = "2DArray", "2DArray.csproj", "{139B5A6A-80DD-45FC-8FD5-32E7604A67A4}"
EndProject
Global
	GlobalSection(SolutionConfigurationPlatforms) = preSolution
		Debug|Any CPU = Debug|Any CPU
		Release|Any CPU = Release|Any CPU
	EndGlobalSection
	GlobalSection(ProjectConfigurationPlatforms) = postSolution
		{139B5A6A-80DD-45FC-8FD5-32E7604A67A4}.Debug|Any CPU.ActiveCfg = Debug|Any CPU
		{139B5A6A-80DD-45FC-8FD5-32E7604A67A4}.Debug|Any CPU.Build.0 = Debug|Any CPU
		{139B5A6A-80DD-45FC-8FD5-32E7604A67A4}.Release|Any CPU.ActiveCfg = Release|Any CPU
		{139B5A6A-80DD-45FC-8FD5-32E7604A67A4}.Release|Any CPU.Build.0 = Release|Any CPU
	EndGlobalSection
	GlobalSection(SolutionProperties) = preSolution
		HideSolutionNode = FALSE
	EndGlobalSection
	GlobalSection(ExtensibilityGlobals) = postSolution
		SolutionGuid = {54DFE746-D89E-4A1C-8A1C-8A7A0C7EED3E}
	EndGlobalSection
EndGlobal
