
Microsoft Visual Studio Solution File, Format Version 12.00
# Visual Studio Version 16
VisualStudioVersion = 16.0.29926.136
MinimumVisualStudioVersion = 10.0.40219.1
Project("{FAE04EC0-301F-11D3-BF4B-00C04F79EFBC}") = "Enum", "Enum.csproj", "{76292E29-12B1-4A0D-A988-722EC3E8FB39}"
EndProject
Global
	GlobalSection(SolutionConfigurationPlatforms) = preSolution
		Debug|Any CPU = Debug|Any CPU
		Release|Any CPU = Release|Any CPU
	EndGlobalSection
	GlobalSection(ProjectConfigurationPlatforms) = postSolution
		{76292E29-12B1-4A0D-A988-722EC3E8FB39}.Debug|Any CPU.ActiveCfg = Debug|Any CPU
		{76292E29-12B1-4A0D-A988-722EC3E8FB39}.Debug|Any CPU.Build.0 = Debug|Any CPU
		{76292E29-12B1-4A0D-A988-722EC3E8FB39}.Release|Any CPU.ActiveCfg = Release|Any CPU
		{76292E29-12B1-4A0D-A988-722EC3E8FB39}.Release|Any CPU.Build.0 = Release|Any CPU
	EndGlobalSection
	GlobalSection(SolutionProperties) = preSolution
		HideSolutionNode = FALSE
	EndGlobalSection
	GlobalSection(ExtensibilityGlobals) = postSolution
		SolutionGuid = {74A0F757-A911-4EFE-8199-D2EB2BCA27BA}
	EndGlobalSection
EndGlobal
