
Microsoft Visual Studio Solution File, Format Version 12.00
# Visual Studio Version 16
VisualStudioVersion = 16.0.30011.22
MinimumVisualStudioVersion = 10.0.40219.1
Project("{FAE04EC0-301F-11D3-BF4B-00C04F79EFBC}") = "UsingQueue", "UsingQueue.csproj", "{861CEE33-CC90-4A83-B977-6D4298240CF5}"
EndProject
Global
	GlobalSection(SolutionConfigurationPlatforms) = preSolution
		Debug|Any CPU = Debug|Any CPU
		Release|Any CPU = Release|Any CPU
	EndGlobalSection
	GlobalSection(ProjectConfigurationPlatforms) = postSolution
		{861CEE33-CC90-4A83-B977-6D4298240CF5}.Debug|Any CPU.ActiveCfg = Debug|Any CPU
		{861CEE33-CC90-4A83-B977-6D4298240CF5}.Debug|Any CPU.Build.0 = Debug|Any CPU
		{861CEE33-CC90-4A83-B977-6D4298240CF5}.Release|Any CPU.ActiveCfg = Release|Any CPU
		{861CEE33-CC90-4A83-B977-6D4298240CF5}.Release|Any CPU.Build.0 = Release|Any CPU
	EndGlobalSection
	GlobalSection(SolutionProperties) = preSolution
		HideSolutionNode = FALSE
	EndGlobalSection
	GlobalSection(ExtensibilityGlobals) = postSolution
		SolutionGuid = {8CF37C6E-136F-42B9-B0F2-9B236E676178}
	EndGlobalSection
EndGlobal
