
Microsoft Visual Studio Solution File, Format Version 12.00
# Visual Studio Version 16
VisualStudioVersion = 16.0.30011.22
MinimumVisualStudioVersion = 10.0.40219.1
Project("{FAE04EC0-301F-11D3-BF4B-00C04F79EFBC}") = "Chapter11Exercise", "Chapter11Exercise.csproj", "{C6F54FB2-DE15-429B-8F86-21D3512912C6}"
EndProject
Global
	GlobalSection(SolutionConfigurationPlatforms) = preSolution
		Debug|Any CPU = Debug|Any CPU
		Release|Any CPU = Release|Any CPU
	EndGlobalSection
	GlobalSection(ProjectConfigurationPlatforms) = postSolution
		{C6F54FB2-DE15-429B-8F86-21D3512912C6}.Debug|Any CPU.ActiveCfg = Debug|Any CPU
		{C6F54FB2-DE15-429B-8F86-21D3512912C6}.Debug|Any CPU.Build.0 = Debug|Any CPU
		{C6F54FB2-DE15-429B-8F86-21D3512912C6}.Release|Any CPU.ActiveCfg = Release|Any CPU
		{C6F54FB2-DE15-429B-8F86-21D3512912C6}.Release|Any CPU.Build.0 = Release|Any CPU
	EndGlobalSection
	GlobalSection(SolutionProperties) = preSolution
		HideSolutionNode = FALSE
	EndGlobalSection
	GlobalSection(ExtensibilityGlobals) = postSolution
		SolutionGuid = {F2E61556-5885-4C90-906C-E3E261A1805B}
	EndGlobalSection
EndGlobal
