
Microsoft Visual Studio Solution File, Format Version 12.00
# Visual Studio Version 16
VisualStudioVersion = 16.0.30011.22
MinimumVisualStudioVersion = 10.0.40219.1
Project("{FAE04EC0-301F-11D3-BF4B-00C04F79EFBC}") = "BinaryFile", "BinaryFile.csproj", "{D78D0BD8-7D36-4D34-B54D-10A3C02ABDB6}"
EndProject
Global
	GlobalSection(SolutionConfigurationPlatforms) = preSolution
		Debug|Any CPU = Debug|Any CPU
		Release|Any CPU = Release|Any CPU
	EndGlobalSection
	GlobalSection(ProjectConfigurationPlatforms) = postSolution
		{D78D0BD8-7D36-4D34-B54D-10A3C02ABDB6}.Debug|Any CPU.ActiveCfg = Debug|Any CPU
		{D78D0BD8-7D36-4D34-B54D-10A3C02ABDB6}.Debug|Any CPU.Build.0 = Debug|Any CPU
		{D78D0BD8-7D36-4D34-B54D-10A3C02ABDB6}.Release|Any CPU.ActiveCfg = Release|Any CPU
		{D78D0BD8-7D36-4D34-B54D-10A3C02ABDB6}.Release|Any CPU.Build.0 = Release|Any CPU
	EndGlobalSection
	GlobalSection(SolutionProperties) = preSolution
		HideSolutionNode = FALSE
	EndGlobalSection
	GlobalSection(ExtensibilityGlobals) = postSolution
		SolutionGuid = {B81D7870-2CE8-4D38-B944-3831EDA1F832}
	EndGlobalSection
EndGlobal
