
Microsoft Visual Studio Solution File, Format Version 12.00
# Visual Studio Version 16
VisualStudioVersion = 16.0.30011.22
MinimumVisualStudioVersion = 10.0.40219.1
Project("{FAE04EC0-301F-11D3-BF4B-00C04F79EFBC}") = "ParallelLoop", "ParallelLoop.csproj", "{866E5342-0D4F-4379-93A3-65E2ED3108C1}"
EndProject
Global
	GlobalSection(SolutionConfigurationPlatforms) = preSolution
		Debug|Any CPU = Debug|Any CPU
		Release|Any CPU = Release|Any CPU
	EndGlobalSection
	GlobalSection(ProjectConfigurationPlatforms) = postSolution
		{866E5342-0D4F-4379-93A3-65E2ED3108C1}.Debug|Any CPU.ActiveCfg = Debug|Any CPU
		{866E5342-0D4F-4379-93A3-65E2ED3108C1}.Debug|Any CPU.Build.0 = Debug|Any CPU
		{866E5342-0D4F-4379-93A3-65E2ED3108C1}.Release|Any CPU.ActiveCfg = Release|Any CPU
		{866E5342-0D4F-4379-93A3-65E2ED3108C1}.Release|Any CPU.Build.0 = Release|Any CPU
	EndGlobalSection
	GlobalSection(SolutionProperties) = preSolution
		HideSolutionNode = FALSE
	EndGlobalSection
	GlobalSection(ExtensibilityGlobals) = postSolution
		SolutionGuid = {7F0DC088-774E-425F-BC38-32CD6052A15F}
	EndGlobalSection
EndGlobal
