
Microsoft Visual Studio Solution File, Format Version 12.00
# Visual Studio Version 16
VisualStudioVersion = 16.0.30002.166
MinimumVisualStudioVersion = 10.0.40219.1
Project("{FAE04EC0-301F-11D3-BF4B-00C04F79EFBC}") = "UsingOut", "UsingOut.csproj", "{3E28711C-0CE3-4713-85C7-E36A2C4DAEAB}"
EndProject
Global
	GlobalSection(SolutionConfigurationPlatforms) = preSolution
		Debug|Any CPU = Debug|Any CPU
		Release|Any CPU = Release|Any CPU
	EndGlobalSection
	GlobalSection(ProjectConfigurationPlatforms) = postSolution
		{3E28711C-0CE3-4713-85C7-E36A2C4DAEAB}.Debug|Any CPU.ActiveCfg = Debug|Any CPU
		{3E28711C-0CE3-4713-85C7-E36A2C4DAEAB}.Debug|Any CPU.Build.0 = Debug|Any CPU
		{3E28711C-0CE3-4713-85C7-E36A2C4DAEAB}.Release|Any CPU.ActiveCfg = Release|Any CPU
		{3E28711C-0CE3-4713-85C7-E36A2C4DAEAB}.Release|Any CPU.Build.0 = Release|Any CPU
	EndGlobalSection
	GlobalSection(SolutionProperties) = preSolution
		HideSolutionNode = FALSE
	EndGlobalSection
	GlobalSection(ExtensibilityGlobals) = postSolution
		SolutionGuid = {1ACFDA57-74B4-4673-8E3C-DA7FEA8349D0}
	EndGlobalSection
EndGlobal
