
Microsoft Visual Studio Solution File, Format Version 12.00
# Visual Studio Version 16
VisualStudioVersion = 16.0.30011.22
MinimumVisualStudioVersion = 10.0.40219.1
Project("{FAE04EC0-301F-11D3-BF4B-00C04F79EFBC}") = "IntergralTypes", "IntergralTypes.csproj", "{AC09DE34-1E9B-4A19-8D06-FB7F7D07445E}"
EndProject
Global
	GlobalSection(SolutionConfigurationPlatforms) = preSolution
		Debug|Any CPU = Debug|Any CPU
		Release|Any CPU = Release|Any CPU
	EndGlobalSection
	GlobalSection(ProjectConfigurationPlatforms) = postSolution
		{AC09DE34-1E9B-4A19-8D06-FB7F7D07445E}.Debug|Any CPU.ActiveCfg = Debug|Any CPU
		{AC09DE34-1E9B-4A19-8D06-FB7F7D07445E}.Debug|Any CPU.Build.0 = Debug|Any CPU
		{AC09DE34-1E9B-4A19-8D06-FB7F7D07445E}.Release|Any CPU.ActiveCfg = Release|Any CPU
		{AC09DE34-1E9B-4A19-8D06-FB7F7D07445E}.Release|Any CPU.Build.0 = Release|Any CPU
	EndGlobalSection
	GlobalSection(SolutionProperties) = preSolution
		HideSolutionNode = FALSE
	EndGlobalSection
	GlobalSection(ExtensibilityGlobals) = postSolution
		SolutionGuid = {0DB3B29D-223B-467A-8693-2E3BC0BD8C23}
	EndGlobalSection
EndGlobal
