
Microsoft Visual Studio Solution File, Format Version 12.00
# Visual Studio Version 16
VisualStudioVersion = 16.0.29926.136
MinimumVisualStudioVersion = 10.0.40219.1
Project("{FAE04EC0-301F-11D3-BF4B-00C04F79EFBC}") = "enum3", "enum3.csproj", "{F7DD69A3-8459-45C7-BCD8-016CFCC4F24D}"
EndProject
Global
	GlobalSection(SolutionConfigurationPlatforms) = preSolution
		Debug|Any CPU = Debug|Any CPU
		Release|Any CPU = Release|Any CPU
	EndGlobalSection
	GlobalSection(ProjectConfigurationPlatforms) = postSolution
		{F7DD69A3-8459-45C7-BCD8-016CFCC4F24D}.Debug|Any CPU.ActiveCfg = Debug|Any CPU
		{F7DD69A3-8459-45C7-BCD8-016CFCC4F24D}.Debug|Any CPU.Build.0 = Debug|Any CPU
		{F7DD69A3-8459-45C7-BCD8-016CFCC4F24D}.Release|Any CPU.ActiveCfg = Release|Any CPU
		{F7DD69A3-8459-45C7-BCD8-016CFCC4F24D}.Release|Any CPU.Build.0 = Release|Any CPU
	EndGlobalSection
	GlobalSection(SolutionProperties) = preSolution
		HideSolutionNode = FALSE
	EndGlobalSection
	GlobalSection(ExtensibilityGlobals) = postSolution
		SolutionGuid = {D35C7F15-9809-4E32-84A4-A64E678D617F}
	EndGlobalSection
EndGlobal
