
Microsoft Visual Studio Solution File, Format Version 12.00
# Visual Studio Version 16
VisualStudioVersion = 16.0.29926.136
MinimumVisualStudioVersion = 10.0.40219.1
Project("{FAE04EC0-301F-11D3-BF4B-00C04F79EFBC}") = "StringConcatenate", "StringConcatenate.csproj", "{EAA4C586-F0A3-4037-A9E4-0D48CB411841}"
EndProject
Global
	GlobalSection(SolutionConfigurationPlatforms) = preSolution
		Debug|Any CPU = Debug|Any CPU
		Release|Any CPU = Release|Any CPU
	EndGlobalSection
	GlobalSection(ProjectConfigurationPlatforms) = postSolution
		{EAA4C586-F0A3-4037-A9E4-0D48CB411841}.Debug|Any CPU.ActiveCfg = Debug|Any CPU
		{EAA4C586-F0A3-4037-A9E4-0D48CB411841}.Debug|Any CPU.Build.0 = Debug|Any CPU
		{EAA4C586-F0A3-4037-A9E4-0D48CB411841}.Release|Any CPU.ActiveCfg = Release|Any CPU
		{EAA4C586-F0A3-4037-A9E4-0D48CB411841}.Release|Any CPU.Build.0 = Release|Any CPU
	EndGlobalSection
	GlobalSection(SolutionProperties) = preSolution
		HideSolutionNode = FALSE
	EndGlobalSection
	GlobalSection(ExtensibilityGlobals) = postSolution
		SolutionGuid = {2082BE43-5EA1-4D3B-86E4-DAE81A6F80F2}
	EndGlobalSection
EndGlobal
