
Microsoft Visual Studio Solution File, Format Version 12.00
# Visual Studio Version 16
VisualStudioVersion = 16.0.30225.117
MinimumVisualStudioVersion = 10.0.40219.1
Project("{FAE04EC0-301F-11D3-BF4B-00C04F79EFBC}") = "WindowsFormsApp1", "WindowsFormsApp1.csproj", "{2CC9638B-DF3A-41E5-8B53-85202F05822D}"
EndProject
Global
	GlobalSection(SolutionConfigurationPlatforms) = preSolution
		Debug|Any CPU = Debug|Any CPU
		Release|Any CPU = Release|Any CPU
	EndGlobalSection
	GlobalSection(ProjectConfigurationPlatforms) = postSolution
		{2CC9638B-DF3A-41E5-8B53-85202F05822D}.Debug|Any CPU.ActiveCfg = Debug|Any CPU
		{2CC9638B-DF3A-41E5-8B53-85202F05822D}.Debug|Any CPU.Build.0 = Debug|Any CPU
		{2CC9638B-DF3A-41E5-8B53-85202F05822D}.Release|Any CPU.ActiveCfg = Release|Any CPU
		{2CC9638B-DF3A-41E5-8B53-85202F05822D}.Release|Any CPU.Build.0 = Release|Any CPU
	EndGlobalSection
	GlobalSection(SolutionProperties) = preSolution
		HideSolutionNode = FALSE
	EndGlobalSection
	GlobalSection(ExtensibilityGlobals) = postSolution
		SolutionGuid = {5EF393E6-1687-4EB0-91E2-1E371B71A435}
	EndGlobalSection
EndGlobal
