
Microsoft Visual Studio Solution File, Format Version 12.00
# Visual Studio Version 16
VisualStudioVersion = 16.0.30011.22
MinimumVisualStudioVersion = 10.0.40219.1
Project("{FAE04EC0-301F-11D3-BF4B-00C04F79EFBC}") = "DerivedFromArray", "DerivedFromArray.csproj", "{224B6D79-DDC2-46D7-B818-337535F74C17}"
EndProject
Global
	GlobalSection(SolutionConfigurationPlatforms) = preSolution
		Debug|Any CPU = Debug|Any CPU
		Release|Any CPU = Release|Any CPU
	EndGlobalSection
	GlobalSection(ProjectConfigurationPlatforms) = postSolution
		{224B6D79-DDC2-46D7-B818-337535F74C17}.Debug|Any CPU.ActiveCfg = Debug|Any CPU
		{224B6D79-DDC2-46D7-B818-337535F74C17}.Debug|Any CPU.Build.0 = Debug|Any CPU
		{224B6D79-DDC2-46D7-B818-337535F74C17}.Release|Any CPU.ActiveCfg = Release|Any CPU
		{224B6D79-DDC2-46D7-B818-337535F74C17}.Release|Any CPU.Build.0 = Release|Any CPU
	EndGlobalSection
	GlobalSection(SolutionProperties) = preSolution
		HideSolutionNode = FALSE
	EndGlobalSection
	GlobalSection(ExtensibilityGlobals) = postSolution
		SolutionGuid = {68A57596-BFC3-4675-9DAF-6D6124DF2615}
	EndGlobalSection
EndGlobal
