
Microsoft Visual Studio Solution File, Format Version 12.00
# Visual Studio Version 16
VisualStudioVersion = 16.0.30011.22
MinimumVisualStudioVersion = 10.0.40219.1
Project("{FAE04EC0-301F-11D3-BF4B-00C04F79EFBC}") = "TaskResult", "TaskResult.csproj", "{DF7C135F-27D1-49C6-8078-A75011BC8A1A}"
EndProject
Global
	GlobalSection(SolutionConfigurationPlatforms) = preSolution
		Debug|Any CPU = Debug|Any CPU
		Release|Any CPU = Release|Any CPU
	EndGlobalSection
	GlobalSection(ProjectConfigurationPlatforms) = postSolution
		{DF7C135F-27D1-49C6-8078-A75011BC8A1A}.Debug|Any CPU.ActiveCfg = Debug|Any CPU
		{DF7C135F-27D1-49C6-8078-A75011BC8A1A}.Debug|Any CPU.Build.0 = Debug|Any CPU
		{DF7C135F-27D1-49C6-8078-A75011BC8A1A}.Release|Any CPU.ActiveCfg = Release|Any CPU
		{DF7C135F-27D1-49C6-8078-A75011BC8A1A}.Release|Any CPU.Build.0 = Release|Any CPU
	EndGlobalSection
	GlobalSection(SolutionProperties) = preSolution
		HideSolutionNode = FALSE
	EndGlobalSection
	GlobalSection(ExtensibilityGlobals) = postSolution
		SolutionGuid = {CD4AC1B1-776F-4FE5-8E65-2587D6D66F03}
	EndGlobalSection
EndGlobal
