
Microsoft Visual Studio Solution File, Format Version 12.00
# Visual Studio Version 16
VisualStudioVersion = 16.0.30011.22
MinimumVisualStudioVersion = 10.0.40219.1
Project("{FAE04EC0-301F-11D3-BF4B-00C04F79EFBC}") = "TypeCasting", "TypeCasting.csproj", "{AD9010BF-7462-4B82-97EF-85A0C9BC9BF1}"
EndProject
Global
	GlobalSection(SolutionConfigurationPlatforms) = preSolution
		Debug|Any CPU = Debug|Any CPU
		Release|Any CPU = Release|Any CPU
	EndGlobalSection
	GlobalSection(ProjectConfigurationPlatforms) = postSolution
		{AD9010BF-7462-4B82-97EF-85A0C9BC9BF1}.Debug|Any CPU.ActiveCfg = Debug|Any CPU
		{AD9010BF-7462-4B82-97EF-85A0C9BC9BF1}.Debug|Any CPU.Build.0 = Debug|Any CPU
		{AD9010BF-7462-4B82-97EF-85A0C9BC9BF1}.Release|Any CPU.ActiveCfg = Release|Any CPU
		{AD9010BF-7462-4B82-97EF-85A0C9BC9BF1}.Release|Any CPU.Build.0 = Release|Any CPU
	EndGlobalSection
	GlobalSection(SolutionProperties) = preSolution
		HideSolutionNode = FALSE
	EndGlobalSection
	GlobalSection(ExtensibilityGlobals) = postSolution
		SolutionGuid = {268ADF72-E805-4E7B-9DFB-EA4B4286D85F}
	EndGlobalSection
EndGlobal
