
Microsoft Visual Studio Solution File, Format Version 12.00
# Visual Studio Version 16
VisualStudioVersion = 16.0.29926.136
MinimumVisualStudioVersion = 10.0.40219.1
Project("{FAE04EC0-301F-11D3-BF4B-00C04F79EFBC}") = "IntergralConversion", "IntergralConversion.csproj", "{12316EDD-150D-4A7A-BA3F-72A2E3BD5AEF}"
EndProject
Global
	GlobalSection(SolutionConfigurationPlatforms) = preSolution
		Debug|Any CPU = Debug|Any CPU
		Release|Any CPU = Release|Any CPU
	EndGlobalSection
	GlobalSection(ProjectConfigurationPlatforms) = postSolution
		{12316EDD-150D-4A7A-BA3F-72A2E3BD5AEF}.Debug|Any CPU.ActiveCfg = Debug|Any CPU
		{12316EDD-150D-4A7A-BA3F-72A2E3BD5AEF}.Debug|Any CPU.Build.0 = Debug|Any CPU
		{12316EDD-150D-4A7A-BA3F-72A2E3BD5AEF}.Release|Any CPU.ActiveCfg = Release|Any CPU
		{12316EDD-150D-4A7A-BA3F-72A2E3BD5AEF}.Release|Any CPU.Build.0 = Release|Any CPU
	EndGlobalSection
	GlobalSection(SolutionProperties) = preSolution
		HideSolutionNode = FALSE
	EndGlobalSection
	GlobalSection(ExtensibilityGlobals) = postSolution
		SolutionGuid = {DC916505-6B14-4729-BC17-17CAA4203BA7}
	EndGlobalSection
EndGlobal
