
Microsoft Visual Studio Solution File, Format Version 12.00
# Visual Studio Version 16
VisualStudioVersion = 16.0.30011.22
MinimumVisualStudioVersion = 10.0.40219.1
Project("{FAE04EC0-301F-11D3-BF4B-00C04F79EFBC}") = "StackTrace", "StackTrace.csproj", "{C43AD10C-356B-4AB0-9121-8387711B005E}"
EndProject
Global
	GlobalSection(SolutionConfigurationPlatforms) = preSolution
		Debug|Any CPU = Debug|Any CPU
		Release|Any CPU = Release|Any CPU
	EndGlobalSection
	GlobalSection(ProjectConfigurationPlatforms) = postSolution
		{C43AD10C-356B-4AB0-9121-8387711B005E}.Debug|Any CPU.ActiveCfg = Debug|Any CPU
		{C43AD10C-356B-4AB0-9121-8387711B005E}.Debug|Any CPU.Build.0 = Debug|Any CPU
		{C43AD10C-356B-4AB0-9121-8387711B005E}.Release|Any CPU.ActiveCfg = Release|Any CPU
		{C43AD10C-356B-4AB0-9121-8387711B005E}.Release|Any CPU.Build.0 = Release|Any CPU
	EndGlobalSection
	GlobalSection(SolutionProperties) = preSolution
		HideSolutionNode = FALSE
	EndGlobalSection
	GlobalSection(ExtensibilityGlobals) = postSolution
		SolutionGuid = {3D7E335F-FEE0-4860-A2D7-014D3AC568E3}
	EndGlobalSection
EndGlobal
