
Microsoft Visual Studio Solution File, Format Version 12.00
# Visual Studio Version 16
VisualStudioVersion = 16.0.30002.166
MinimumVisualStudioVersion = 10.0.40219.1
Project("{FAE04EC0-301F-11D3-BF4B-00C04F79EFBC}") = "LocalFunction", "LocalFunction.csproj", "{479B3EA7-86F2-45AB-B887-E54D5196A978}"
EndProject
Global
	GlobalSection(SolutionConfigurationPlatforms) = preSolution
		Debug|Any CPU = Debug|Any CPU
		Release|Any CPU = Release|Any CPU
	EndGlobalSection
	GlobalSection(ProjectConfigurationPlatforms) = postSolution
		{479B3EA7-86F2-45AB-B887-E54D5196A978}.Debug|Any CPU.ActiveCfg = Debug|Any CPU
		{479B3EA7-86F2-45AB-B887-E54D5196A978}.Debug|Any CPU.Build.0 = Debug|Any CPU
		{479B3EA7-86F2-45AB-B887-E54D5196A978}.Release|Any CPU.ActiveCfg = Release|Any CPU
		{479B3EA7-86F2-45AB-B887-E54D5196A978}.Release|Any CPU.Build.0 = Release|Any CPU
	EndGlobalSection
	GlobalSection(SolutionProperties) = preSolution
		HideSolutionNode = FALSE
	EndGlobalSection
	GlobalSection(ExtensibilityGlobals) = postSolution
		SolutionGuid = {4A0397F4-E45D-4732-8C55-B33C3E84B12B}
	EndGlobalSection
EndGlobal
