
Microsoft Visual Studio Solution File, Format Version 12.00
# Visual Studio Version 16
VisualStudioVersion = 16.0.30011.22
MinimumVisualStudioVersion = 10.0.40219.1
Project("{FAE04EC0-301F-11D3-BF4B-00C04F79EFBC}") = "ThisConstructor", "ThisConstructor.csproj", "{32547287-0D7B-4DB0-8369-D427AE5D39A1}"
EndProject
Global
	GlobalSection(SolutionConfigurationPlatforms) = preSolution
		Debug|Any CPU = Debug|Any CPU
		Release|Any CPU = Release|Any CPU
	EndGlobalSection
	GlobalSection(ProjectConfigurationPlatforms) = postSolution
		{32547287-0D7B-4DB0-8369-D427AE5D39A1}.Debug|Any CPU.ActiveCfg = Debug|Any CPU
		{32547287-0D7B-4DB0-8369-D427AE5D39A1}.Debug|Any CPU.Build.0 = Debug|Any CPU
		{32547287-0D7B-4DB0-8369-D427AE5D39A1}.Release|Any CPU.ActiveCfg = Release|Any CPU
		{32547287-0D7B-4DB0-8369-D427AE5D39A1}.Release|Any CPU.Build.0 = Release|Any CPU
	EndGlobalSection
	GlobalSection(SolutionProperties) = preSolution
		HideSolutionNode = FALSE
	EndGlobalSection
	GlobalSection(ExtensibilityGlobals) = postSolution
		SolutionGuid = {DE3F2B15-919F-47DD-8070-B612A26BB460}
	EndGlobalSection
EndGlobal
